<?xml version="1.0" encoding="utf-8"?>
<Project ToolsVersion="4.0" xmlns="http://schemas.microsoft.com/developer/msbuild/2003">
  <ItemGroup>
    <Filter Include="Source Files">
      <UniqueIdentifier>{4FC737F1-C7A5-4376-A066-2A32D752A2FF}</UniqueIdentifier>
      <Extensions>cpp;c;cc;cxx;c++;cppm;ixx;def;odl;idl;hpj;bat;asm;asmx</Extensions>
    </Filter>
    <Filter Include="Header Files">
      <UniqueIdentifier>{93995380-89BD-4b04-88EB-625FBE52EBFB}</UniqueIdentifier>
      <Extensions>h;hh;hpp;hxx;h++;hm;inl;inc;ipp;xsd</Extensions>
    </Filter>
    <Filter Include="Resource Files">
      <UniqueIdentifier>{67DA6AB6-F800-4c08-8B7A-83BB121AAD01}</UniqueIdentifier>
      <Extensions>rc;ico;cur;bmp;dlg;rc2;rct;bin;rgs;gif;jpg;jpeg;jpe;resx;tiff;tif;png;wav;mfcribbon-ms</Extensions>
    </Filter>
  </ItemGroup>
  <ItemGroup>
    <ResourceCompile Include="Script1.rc">
      <Filter>Resource Files</Filter>
    </ResourceCompile>
  </ItemGroup>
  <ItemGroup>
    <ClCompile Include="SimSoccer\SoccerBall.cpp">
      <Filter>Source Files</Filter>
    </ClCompile>
    <ClCompile Include="SimSoccer\SoccerMessages.cpp">
      <Filter>Source Files</Filter>
    </ClCompile>
    <ClCompile Include="SimSoccer\SoccerPitch.cpp">
      <Filter>Source Files</Filter>
    </ClCompile>
    <ClCompile Include="SimSoccer\SoccerTeam.cpp">
      <Filter>Source Files</Filter>
    </ClCompile>
    <ClCompile Include="SimSoccer\SteeringBehaviors.cpp">
      <Filter>Source Files</Filter>
    </ClCompile>
    <ClCompile Include="SimSoccer\SupportSpotCalculator.cpp">
      <Filter>Source Files</Filter>
    </ClCompile>
    <ClCompile Include="SimSoccer\TeamStates.cpp">
      <Filter>Source Files</Filter>
    </ClCompile>
    <ClCompile Include="SimSoccer\FieldPlayer.cpp">
      <Filter>Source Files</Filter>
    </ClCompile>
    <ClCompile Include="SimSoccer\FieldPlayerStates.cpp">
      <Filter>Source Files</Filter>
    </ClCompile>
    <ClCompile Include="SimSoccer\Goalkeeper.cpp">
      <Filter>Source Files</Filter>
    </ClCompile>
    <ClCompile Include="SimSoccer\GoalKeeperStates.cpp">
      <Filter>Source Files</Filter>
    </ClCompile>
    <ClCompile Include="main.cpp">
      <Filter>Source Files</Filter>
    </ClCompile>
    <ClCompile Include="SimSoccer\ParamLoader.cpp">
      <Filter>Source Files</Filter>
    </ClCompile>
    <ClCompile Include="SimSoccer\PlayerBase.cpp">
      <Filter>Source Files</Filter>
    </ClCompile>
    <ClCompile Include="Common\2D\Vector2d.cpp">
      <Filter>Source Files</Filter>
    </ClCompile>
    <ClCompile Include="Common\Debug\DebugConsole.cpp">
      <Filter>Source Files</Filter>
    </ClCompile>
    <ClCompile Include="Common\fuzzy\FuzzyModule.cpp">
      <Filter>Source Files</Filter>
    </ClCompile>
    <ClCompile Include="Common\fuzzy\FuzzyOperators.cpp">
      <Filter>Source Files</Filter>
    </ClCompile>
    <ClCompile Include="Common\fuzzy\FuzzySet_LeftShoulder.cpp">
      <Filter>Source Files</Filter>
    </ClCompile>
    <ClCompile Include="Common\fuzzy\FuzzySet_RightShoulder.cpp">
      <Filter>Source Files</Filter>
    </ClCompile>
    <ClCompile Include="Common\fuzzy\FuzzySet_Singleton.cpp">
      <Filter>Source Files</Filter>
    </ClCompile>
    <ClCompile Include="Common\fuzzy\FuzzySet_Triangle.cpp">
      <Filter>Source Files</Filter>
    </ClCompile>
    <ClCompile Include="Common\fuzzy\FuzzyVariable.cpp">
      <Filter>Source Files</Filter>
    </ClCompile>
    <ClCompile Include="Common\Game\BaseGameEntity.cpp">
      <Filter>Source Files</Filter>
    </ClCompile>
    <ClCompile Include="Common\Game\EntityManager.cpp">
      <Filter>Source Files</Filter>
    </ClCompile>
    <ClCompile Include="Common\Messaging\MessageDispatcher.cpp">
      <Filter>Source Files</Filter>
    </ClCompile>
    <ClCompile Include="Common\misc\Cgdi.cpp">
      <Filter>Source Files</Filter>
    </ClCompile>
    <ClCompile Include="Common\misc\FrameCounter.cpp">
      <Filter>Source Files</Filter>
    </ClCompile>
    <ClCompile Include="Common\misc\Snapshot.cpp">
      <Filter>Source Files</Filter>
    </ClCompile>
    <ClCompile Include="SimSoccer\FieldGoal.cpp">
      <Filter>Source Files</Filter>
    </ClCompile>
    <ClCompile Include="Common\misc\WinHttpWrapper.cpp">
      <Filter>Source Files</Filter>
    </ClCompile>
    <ClCompile Include="Common\misc\WinVersion.cpp">
      <Filter>Source Files</Filter>
    </ClCompile>
    <ClCompile Include="Common\misc\WindowUtils.cpp">
      <Filter>Source Files</Filter>
    </ClCompile>
    <ClCompile Include="Common\Time\CrudeTimer.cpp">
      <Filter>Source Files</Filter>
    </ClCompile>
    <ClCompile Include="Common\Time\PrecisionTimer.cpp">
      <Filter>Source Files</Filter>
    </ClCompile>
  </ItemGroup>
  <ItemGroup>
    <ClInclude Include="SimSoccer\SoccerBall.h">
      <Filter>Header Files</Filter>
    </ClInclude>
    <ClInclude Include="SimSoccer\SoccerMessages.h">
      <Filter>Header Files</Filter>
    </ClInclude>
    <ClInclude Include="SimSoccer\SoccerPitch.h">
      <Filter>Header Files</Filter>
    </ClInclude>
    <ClInclude Include="SimSoccer\SoccerTeam.h">
      <Filter>Header Files</Filter>
    </ClInclude>
    <ClInclude Include="SimSoccer\SteeringBehaviors.h">
      <Filter>Header Files</Filter>
    </ClInclude>
    <ClInclude Include="SimSoccer\SupportSpotCalculator.h">
      <Filter>Header Files</Filter>
    </ClInclude>
    <ClInclude Include="SimSoccer\TeamStates.h">
      <Filter>Header Files</Filter>
    </ClInclude>
    <ClInclude Include="SimSoccer\constants.h">
      <Filter>Header Files</Filter>
    </ClInclude>
    <ClInclude Include="SimSoccer\FieldPlayer.h">
      <Filter>Header Files</Filter>
    </ClInclude>
    <ClInclude Include="SimSoccer\FieldPlayerStates.h">
      <Filter>Header Files</Filter>
    </ClInclude>
    <ClInclude Include="SimSoccer\Goalkeeper.h">
      <Filter>Header Files</Filter>
    </ClInclude>
    <ClInclude Include="SimSoccer\GoalKeeperStates.h">
      <Filter>Header Files</Filter>
    </ClInclude>
    <ClInclude Include="SimSoccer\ParamLoader.h">
      <Filter>Header Files</Filter>
    </ClInclude>
    <ClInclude Include="SimSoccer\PlayerBase.h">
      <Filter>Header Files</Filter>
    </ClInclude>
    <ClInclude Include="resource.h">
      <Filter>Header Files</Filter>
    </ClInclude>
    <ClInclude Include="Common\2D\C2DMatrix.h">
      <Filter>Header Files</Filter>
    </ClInclude>
    <ClInclude Include="Common\2D\geometry.h">
      <Filter>Header Files</Filter>
    </ClInclude>
    <ClInclude Include="Common\2D\InvertedAABBox2D.h">
      <Filter>Header Files</Filter>
    </ClInclude>
    <ClInclude Include="Common\2D\Transformations.h">
      <Filter>Header Files</Filter>
    </ClInclude>
    <ClInclude Include="Common\2D\Vector2D.h">
      <Filter>Header Files</Filter>
    </ClInclude>
    <ClInclude Include="Common\2D\Wall2D.h">
      <Filter>Header Files</Filter>
    </ClInclude>
    <ClInclude Include="Common\2D\WallIntersectionTests.h">
      <Filter>Header Files</Filter>
    </ClInclude>
    <ClInclude Include="Common\Debug\DebugConsole.h">
      <Filter>Header Files</Filter>
    </ClInclude>
    <ClInclude Include="Common\FSM\State.h">
      <Filter>Header Files</Filter>
    </ClInclude>
    <ClInclude Include="Common\FSM\StateMachine.h">
      <Filter>Header Files</Filter>
    </ClInclude>
    <ClInclude Include="Common\fuzzy\FuzzyHedges.h">
      <Filter>Header Files</Filter>
    </ClInclude>
    <ClInclude Include="Common\fuzzy\FuzzyModule.h">
      <Filter>Header Files</Filter>
    </ClInclude>
    <ClInclude Include="Common\fuzzy\FuzzyOperators.h">
      <Filter>Header Files</Filter>
    </ClInclude>
    <ClInclude Include="Common\fuzzy\FuzzyRule.h">
      <Filter>Header Files</Filter>
    </ClInclude>
    <ClInclude Include="Common\fuzzy\FuzzySet.h">
      <Filter>Header Files</Filter>
    </ClInclude>
    <ClInclude Include="Common\fuzzy\FuzzySet_LeftShoulder.h">
      <Filter>Header Files</Filter>
    </ClInclude>
    <ClInclude Include="Common\fuzzy\FuzzySet_RightShoulder.h">
      <Filter>Header Files</Filter>
    </ClInclude>
    <ClInclude Include="Common\fuzzy\FuzzySet_Shoulder.h">
      <Filter>Header Files</Filter>
    </ClInclude>
    <ClInclude Include="Common\fuzzy\FuzzySet_Singleton.h">
      <Filter>Header Files</Filter>
    </ClInclude>
    <ClInclude Include="Common\fuzzy\FuzzySet_Triangle.h">
      <Filter>Header Files</Filter>
    </ClInclude>
    <ClInclude Include="Common\fuzzy\FuzzyTerm.h">
      <Filter>Header Files</Filter>
    </ClInclude>
    <ClInclude Include="Common\fuzzy\FuzzyVariable.h">
      <Filter>Header Files</Filter>
    </ClInclude>
    <ClInclude Include="Common\fuzzy\FzSet.h">
      <Filter>Header Files</Filter>
    </ClInclude>
    <ClInclude Include="Common\Game\BaseGameEntity.h">
      <Filter>Header Files</Filter>
    </ClInclude>
    <ClInclude Include="Common\Game\EntityFunctionTemplates.h">
      <Filter>Header Files</Filter>
    </ClInclude>
    <ClInclude Include="Common\Game\EntityManager.h">
      <Filter>Header Files</Filter>
    </ClInclude>
    <ClInclude Include="Common\Game\MovingEntity.h">
      <Filter>Header Files</Filter>
    </ClInclude>
    <ClInclude Include="Common\Game\Region.h">
      <Filter>Header Files</Filter>
    </ClInclude>
    <ClInclude Include="Common\Goals\Goal.h">
      <Filter>Header Files</Filter>
    </ClInclude>
    <ClInclude Include="Common\Goals\Goal_Composite.h">
      <Filter>Header Files</Filter>
    </ClInclude>
    <ClInclude Include="Common\Graph\AStarHeuristicPolicies.h">
      <Filter>Header Files</Filter>
    </ClInclude>
    <ClInclude Include="Common\Graph\GraphAlgorithms.h">
      <Filter>Header Files</Filter>
    </ClInclude>
    <ClInclude Include="Common\Graph\GraphEdgeTypes.h">
      <Filter>Header Files</Filter>
    </ClInclude>
    <ClInclude Include="Common\Graph\GraphNodeTypes.h">
      <Filter>Header Files</Filter>
    </ClInclude>
    <ClInclude Include="Common\Graph\HandyGraphFunctions.h">
      <Filter>Header Files</Filter>
    </ClInclude>
    <ClInclude Include="Common\Graph\NodeTypeEnumerations.h">
      <Filter>Header Files</Filter>
    </ClInclude>
    <ClInclude Include="Common\Graph\SparseGraph.h">
      <Filter>Header Files</Filter>
    </ClInclude>
    <ClInclude Include="Common\Messaging\MessageDispatcher.h">
      <Filter>Header Files</Filter>
    </ClInclude>
    <ClInclude Include="Common\Messaging\Telegram.h">
      <Filter>Header Files</Filter>
    </ClInclude>
    <ClInclude Include="Common\misc\autolist.h">
      <Filter>Header Files</Filter>
    </ClInclude>
    <ClInclude Include="Common\misc\CellSpacePartition.h">
      <Filter>Header Files</Filter>
    </ClInclude>
    <ClInclude Include="Common\misc\Cgdi.h">
      <Filter>Header Files</Filter>
    </ClInclude>
    <ClInclude Include="Common\misc\ConsoleUtils.h">
      <Filter>Header Files</Filter>
    </ClInclude>
    <ClInclude Include="Common\misc\FrameCounter.h">
      <Filter>Header Files</Filter>
    </ClInclude>
    <ClInclude Include="Common\misc\PriorityQueue.h">
      <Filter>Header Files</Filter>
    </ClInclude>
    <ClInclude Include="Common\misc\Smoother.h">
      <Filter>Header Files</Filter>
    </ClInclude>
    <ClInclude Include="Common\misc\Stream_Utility_Functions.h">
      <Filter>Header Files</Filter>
    </ClInclude>
    <ClInclude Include="Common\misc\TypeToString.h">
      <Filter>Header Files</Filter>
    </ClInclude>
    <ClInclude Include="Common\misc\utils.h">
      <Filter>Header Files</Filter>
    </ClInclude>
    <ClInclude Include="Common\Triggers\Trigger.h">
      <Filter>Header Files</Filter>
    </ClInclude>
    <ClInclude Include="Common\Triggers\Trigger_LimitedLifeTime.h">
      <Filter>Header Files</Filter>
    </ClInclude>
    <ClInclude Include="Common\Triggers\Trigger_Respawning.h">
      <Filter>Header Files</Filter>
    </ClInclude>
    <ClInclude Include="Common\Triggers\TriggerRegion.h">
      <Filter>Header Files</Filter>
    </ClInclude>
    <ClInclude Include="Common\Triggers\TriggerSystem.h">
      <Filter>Header Files</Filter>
    </ClInclude>
    <ClInclude Include="Common\misc\Snapshot.h">
      <Filter>Header Files</Filter>
    </ClInclude>
    <ClInclude Include="Common\json\json.hpp">
      <Filter>Header Files</Filter>
    </ClInclude>
    <ClInclude Include="SimSoccer\FieldGoal.h">
      <Filter>Header Files</Filter>
    </ClInclude>
    <ClInclude Include="Common\misc\WinHttpWrapper.h">
      <Filter>Header Files</Filter>
    </ClInclude>
    <ClInclude Include="Common\misc\WinVersion.h">
      <Filter>Header Files</Filter>
    </ClInclude>
    <ClInclude Include="Common\misc\WindowUtils.h">
      <Filter>Header Files</Filter>
    </ClInclude>
    <ClInclude Include="Common\Time\CrudeTimer.h">
      <Filter>Header Files</Filter>
    </ClInclude>
    <ClInclude Include="Common\Time\PrecisionTimer.h">
      <Filter>Header Files</Filter>
    </ClInclude>
    <ClInclude Include="Common\Time\Regulator.h">
      <Filter>Header Files</Filter>
    </ClInclude>
  </ItemGroup>
  <ItemGroup>
    <Image Include="icon1.ico">
      <Filter>Resource Files</Filter>
    </Image>
  </ItemGroup>
  <ItemGroup>
    <None Include="Params.ini" />
    <None Include="Script1.aps" />
  </ItemGroup>
</Project>